PODS:
  - Alamofire (4.9.1)
  - AlamofireObjectMapper (5.2.1):
    - Alamofire (~> 4.7)
    - ObjectMapper (~> 3.4)
  - IQKeyboardManagerSwift (6.3.0)
  - lottie-ios (3.2.1)
  - ObjectMapper (3.5.3)

DEPENDENCIES:
  - AlamofireObjectMapper (~> 5.2)
  - IQKeyboardManagerSwift (= 6.3.0)
  - lottie-ios

SPEC REPOS:
  trunk:
    - Alamofire
    - AlamofireObjectMapper
    - IQKeyboardManagerSwift
    - lottie-ios
    - ObjectMapper

SPEC CHECKSUMS:
  Alamofire: 85e8a02c69d6020a0d734f6054870d7ecb75cf18
  AlamofireObjectMapper: 1989f690e982b71921b9253f53a4f33a9bc00d88
  IQKeyboardManagerSwift: a8228c257614af98743b4cd8584637025f36358f
  lottie-ios: 106e92eaf11fbed0a76590b4cdb9b5ec26123ff7
  ObjectMapper: 97111c97e054a6ee25917662106689f0b4127b37

PODFILE CHECKSUM: e3766a1ff09776f52d925fe214b570e2ee623317

COCOAPODS: 1.8.4
